
Microsoft Visual Studio Solution File, Format Version 12.00
# Visual Studio 15
VisualStudioVersion = 15.0.28307.168
MinimumVisualStudioVersion = 10.0.40219.1
Project("{FAE04EC0-301F-11D3-BF4B-00C04F79EFBC}") = "PumpkinApp", "PumpkinApp\PumpkinApp.csproj", "{406C6CDA-4757-425F-B688-39A3A46ED0C9}"
EndProject
Project("{FAE04EC0-301F-11D3-BF4B-00C04F79EFBC}") = "Warehouse", "Warehouse\Warehouse.csproj", "{6FCB77AF-DE59-4431-8E51-DCAE13F87D28}"
EndProject
Project("{FAE04EC0-301F-11D3-BF4B-00C04F79EFBC}") = "WarehouseTest", "WarehouseTest\WarehouseTest.csproj", "{0A695902-366E-4019-AF7D-1A575E97763B}"
EndProject
Global
	GlobalSection(SolutionConfigurationPlatforms) = preSolution
		Debug|Any CPU = Debug|Any CPU
		Release|Any CPU = Release|Any CPU
	EndGlobalSection
	GlobalSection(ProjectConfigurationPlatforms) = postSolution
		{406C6CDA-4757-425F-B688-39A3A46ED0C9}.Debug|Any CPU.ActiveCfg = Debug|Any CPU
		{406C6CDA-4757-425F-B688-39A3A46ED0C9}.Debug|Any CPU.Build.0 = Debug|Any CPU
		{406C6CDA-4757-425F-B688-39A3A46ED0C9}.Release|Any CPU.ActiveCfg = Release|Any CPU
		{406C6CDA-4757-425F-B688-39A3A46ED0C9}.Release|Any CPU.Build.0 = Release|Any CPU
		{6FCB77AF-DE59-4431-8E51-DCAE13F87D28}.Debug|Any CPU.ActiveCfg = Debug|Any CPU
		{6FCB77AF-DE59-4431-8E51-DCAE13F87D28}.Debug|Any CPU.Build.0 = Debug|Any CPU
		{6FCB77AF-DE59-4431-8E51-DCAE13F87D28}.Release|Any CPU.ActiveCfg = Release|Any CPU
		{6FCB77AF-DE59-4431-8E51-DCAE13F87D28}.Release|Any CPU.Build.0 = Release|Any CPU
		{0A695902-366E-4019-AF7D-1A575E97763B}.Debug|Any CPU.ActiveCfg = Debug|Any CPU
		{0A695902-366E-4019-AF7D-1A575E97763B}.Debug|Any CPU.Build.0 = Debug|Any CPU
		{0A695902-366E-4019-AF7D-1A575E97763B}.Release|Any CPU.ActiveCfg = Release|Any CPU
		{0A695902-366E-4019-AF7D-1A575E97763B}.Release|Any CPU.Build.0 = Release|Any CPU
	EndGlobalSection
	GlobalSection(SolutionProperties) = preSolution
		HideSolutionNode = FALSE
	EndGlobalSection
	GlobalSection(ExtensibilityGlobals) = postSolution
		SolutionGuid = {41945F12-B91B-493F-A627-30BF7C857B88}
	EndGlobalSection
EndGlobal
